
Microsoft Visual Studio Solution File, Format Version 12.00
# Visual Studio Version 17
VisualStudioVersion = 17.14.36414.22
MinimumVisualStudioVersion = 10.0.40219.1
Project("{FAE04EC0-301F-11D3-BF4B-00C04F79EFBC}") = "WebAssemblyChessGame.UI", "BlazorApp1\WebAssemblyChessGame.UI.csproj", "{44C9FB6C-F490-4968-814D-9D69EBD1617F}"
EndProject
Project("{2150E333-8FDC-42A3-9474-1A3956D46DE8}") = "UI", "UI", "{02EA681E-C7D8-13C7-8484-4AC65E1B71E8}"
EndProject
Project("{2150E333-8FDC-42A3-9474-1A3956D46DE8}") = "Services", "Services", "{7AA5F15B-1869-4EED-9F22-D51C4D8887CF}"
EndProject
Project("{FAE04EC0-301F-11D3-BF4B-00C04F79EFBC}") = "ChessService.API.ChessGameAPI", "webAssemblyChessGame.Services.ChessGameAPI\ChessService.API.ChessGameAPI.csproj", "{9736B46E-566B-4652-8C4B-ED4BE26BB3B3}"
EndProject
Project("{FAE04EC0-301F-11D3-BF4B-00C04F79EFBC}") = "ChatServices.API..ChatAPI", "webAssemblyChessGame.Services.ChatAPI\ChatServices.API..ChatAPI.csproj", "{8DACADB7-F962-4861-9178-B3569B6EB47F}"
EndProject
Project("{2150E333-8FDC-42A3-9474-1A3956D46DE8}") = "ChatService", "ChatService", "{0F00D5E3-EDA0-480E-B484-D24DE2EC6CC7}"
EndProject
Project("{2150E333-8FDC-42A3-9474-1A3956D46DE8}") = "API", "API", "{C5967F9A-55AC-40C0-B540-B89EC94B149F}"
EndProject
Project("{2150E333-8FDC-42A3-9474-1A3956D46DE8}") = "core", "core", "{48C714BB-4403-47B9-94CC-CAEC4240B452}"
EndProject
Project("{FAE04EC0-301F-11D3-BF4B-00C04F79EFBC}") = "ChatService.Infrastructure.Persistance", "ChatService.core.Infrastructure\ChatService.Infrastructure.Persistance.csproj", "{E480C6A4-31BD-4754-BE46-5C8574899861}"
EndProject
Project("{FAE04EC0-301F-11D3-BF4B-00C04F79EFBC}") = "ChatService.core.Services", "ChatService.core.Services\ChatService.core.Services.csproj", "{52EF6DC5-CC9E-41C7-AA5C-9E0090A43496}"
EndProject
Project("{FAE04EC0-301F-11D3-BF4B-00C04F79EFBC}") = "ChatService.Domain.Domain", "ChatService.core.Domain\ChatService.Domain.Domain.csproj", "{1C3360A8-F1B3-4576-AADB-85F1F60742CA}"
EndProject
Project("{2150E333-8FDC-42A3-9474-1A3956D46DE8}") = "Domain", "Domain", "{B2B3BA02-DAD6-4DE8-A9A7-3FC692AA1755}"
EndProject
Project("{2150E333-8FDC-42A3-9474-1A3956D46DE8}") = "Infrastructure", "Infrastructure", "{34DE8145-E9B2-4745-BD7A-50FEBE1E4DB5}"
EndProject
Project("{2150E333-8FDC-42A3-9474-1A3956D46DE8}") = "ChessService", "ChessService", "{CEDE0E06-B890-40D4-9073-A3A21F11C82B}"
EndProject
Project("{2150E333-8FDC-42A3-9474-1A3956D46DE8}") = "API", "API", "{D1EA530E-FFFC-4B07-9AF1-68BD766335AA}"
EndProject
Project("{2150E333-8FDC-42A3-9474-1A3956D46DE8}") = "Core", "Core", "{63D379E9-50E3-4C8E-A552-385DD1F137DC}"
EndProject
Project("{2150E333-8FDC-42A3-9474-1A3956D46DE8}") = "Domain", "Domain", "{4449904B-BE9C-4D25-A694-F98406952E0F}"
EndProject
Project("{2150E333-8FDC-42A3-9474-1A3956D46DE8}") = "Infrastructure", "Infrastructure", "{16437C4E-94C0-4E16-973E-2586B8DB1F0D}"
EndProject
Project("{2150E333-8FDC-42A3-9474-1A3956D46DE8}") = "GateWay", "GateWay", "{3B1ECD18-4439-4E27-8CA6-7E30139044FD}"
EndProject
Project("{FAE04EC0-301F-11D3-BF4B-00C04F79EFBC}") = "ChessGame.Core.Services", "ChessGame.Core.Services\ChessGame.Core.Services.csproj", "{F4F1B000-55E6-4F4C-BE0B-99BF750FE974}"
EndProject
Project("{FAE04EC0-301F-11D3-BF4B-00C04F79EFBC}") = "ChessGame.Domain.Domain", "ChessGame.Core.Domain\ChessGame.Domain.Domain.csproj", "{0CD3627F-D5AA-44E5-93D6-8D2542821776}"
EndProject
Project("{FAE04EC0-301F-11D3-BF4B-00C04F79EFBC}") = "ChessGame.Infrastructure.Persistance", "ChessGame.Infrastructure.Persistance\ChessGame.Infrastructure.Persistance.csproj", "{0CC66FC5-944C-483F-A814-42151FF59CC9}"
EndProject
Project("{FAE04EC0-301F-11D3-BF4B-00C04F79EFBC}") = "Gateway.API", "Gateway.API\Gateway.API.csproj", "{5E21A71F-AFAD-4DDC-B1AA-068FA7383C4A}"
EndProject
Project("{2150E333-8FDC-42A3-9474-1A3956D46DE8}") = "IdentityService", "IdentityService", "{EB85DC21-834F-4242-90D7-52E87AE3F4AA}"
EndProject
Project("{2150E333-8FDC-42A3-9474-1A3956D46DE8}") = "API", "API", "{B1DCDE17-D28D-4374-8C10-455CCB8E3ABA}"
EndProject
Project("{FAE04EC0-301F-11D3-BF4B-00C04F79EFBC}") = "IdentityService.API.IdentityAPI", "IdentityService.API.IdentityAPI\IdentityService.API.IdentityAPI.csproj", "{DC234AED-50D7-4768-A85C-97DB91707D3C}"
EndProject
Project("{FAE04EC0-301F-11D3-BF4B-00C04F79EFBC}") = "IdentityService.Domain", "IdentityService.Domain.Domain\IdentityService.Domain.csproj", "{9C354B12-310A-46B9-AE63-4F4AD45E6473}"
EndProject
Project("{2150E333-8FDC-42A3-9474-1A3956D46DE8}") = "SharedKernel", "SharedKernel", "{91B18553-5BE2-4CCF-91F5-B58DE9059B52}"
EndProject
Project("{FAE04EC0-301F-11D3-BF4B-00C04F79EFBC}") = "SharedResources", "SharedResources\SharedResources.csproj", "{A83C9787-4FCC-453B-9F67-02E90C38C19C}"
EndProject
Project("{2150E333-8FDC-42A3-9474-1A3956D46DE8}") = "Core", "Core", "{614A785B-BBE3-4D0C-9005-2931F4F3489A}"
EndProject
Project("{FAE04EC0-301F-11D3-BF4B-00C04F79EFBC}") = "IdentityService.Application", "IdentityService.Application\IdentityService.Application.csproj", "{54D2CF49-F4BF-460E-B884-2C4D4C5741F8}"
EndProject
Project("{FAE04EC0-301F-11D3-BF4B-00C04F79EFBC}") = "IdentityService.Infrastructure", "IdentityService.Infrastructure\IdentityService.Infrastructure.csproj", "{E454C9DB-22AB-4DAA-BF4E-C551133D2642}"
EndProject
Project("{FAE04EC0-301F-11D3-BF4B-00C04F79EFBC}") = "IdentityService.Persistance", "IdentityService.Persistance\IdentityService.Persistance.csproj", "{8B32BA38-F9F8-46DE-9E11-34BEF38DB8F6}"
EndProject
Global
	GlobalSection(SolutionConfigurationPlatforms) = preSolution
		Debug|Any CPU = Debug|Any CPU
		Release|Any CPU = Release|Any CPU
	EndGlobalSection
	GlobalSection(ProjectConfigurationPlatforms) = postSolution
		{44C9FB6C-F490-4968-814D-9D69EBD1617F}.Debug|Any CPU.ActiveCfg = Debug|Any CPU
		{44C9FB6C-F490-4968-814D-9D69EBD1617F}.Debug|Any CPU.Build.0 = Debug|Any CPU
		{44C9FB6C-F490-4968-814D-9D69EBD1617F}.Release|Any CPU.ActiveCfg = Release|Any CPU
		{44C9FB6C-F490-4968-814D-9D69EBD1617F}.Release|Any CPU.Build.0 = Release|Any CPU
		{9736B46E-566B-4652-8C4B-ED4BE26BB3B3}.Debug|Any CPU.ActiveCfg = Debug|Any CPU
		{9736B46E-566B-4652-8C4B-ED4BE26BB3B3}.Debug|Any CPU.Build.0 = Debug|Any CPU
		{9736B46E-566B-4652-8C4B-ED4BE26BB3B3}.Release|Any CPU.ActiveCfg = Release|Any CPU
		{9736B46E-566B-4652-8C4B-ED4BE26BB3B3}.Release|Any CPU.Build.0 = Release|Any CPU
		{8DACADB7-F962-4861-9178-B3569B6EB47F}.Debug|Any CPU.ActiveCfg = Debug|Any CPU
		{8DACADB7-F962-4861-9178-B3569B6EB47F}.Debug|Any CPU.Build.0 = Debug|Any CPU
		{8DACADB7-F962-4861-9178-B3569B6EB47F}.Release|Any CPU.ActiveCfg = Release|Any CPU
		{8DACADB7-F962-4861-9178-B3569B6EB47F}.Release|Any CPU.Build.0 = Release|Any CPU
		{E480C6A4-31BD-4754-BE46-5C8574899861}.Debug|Any CPU.ActiveCfg = Debug|Any CPU
		{E480C6A4-31BD-4754-BE46-5C8574899861}.Debug|Any CPU.Build.0 = Debug|Any CPU
		{E480C6A4-31BD-4754-BE46-5C8574899861}.Release|Any CPU.ActiveCfg = Release|Any CPU
		{E480C6A4-31BD-4754-BE46-5C8574899861}.Release|Any CPU.Build.0 = Release|Any CPU
		{52EF6DC5-CC9E-41C7-AA5C-9E0090A43496}.Debug|Any CPU.ActiveCfg = Debug|Any CPU
		{52EF6DC5-CC9E-41C7-AA5C-9E0090A43496}.Debug|Any CPU.Build.0 = Debug|Any CPU
		{52EF6DC5-CC9E-41C7-AA5C-9E0090A43496}.Release|Any CPU.ActiveCfg = Release|Any CPU
		{52EF6DC5-CC9E-41C7-AA5C-9E0090A43496}.Release|Any CPU.Build.0 = Release|Any CPU
		{1C3360A8-F1B3-4576-AADB-85F1F60742CA}.Debug|Any CPU.ActiveCfg = Debug|Any CPU
		{1C3360A8-F1B3-4576-AADB-85F1F60742CA}.Debug|Any CPU.Build.0 = Debug|Any CPU
		{1C3360A8-F1B3-4576-AADB-85F1F60742CA}.Release|Any CPU.ActiveCfg = Release|Any CPU
		{1C3360A8-F1B3-4576-AADB-85F1F60742CA}.Release|Any CPU.Build.0 = Release|Any CPU
		{F4F1B000-55E6-4F4C-BE0B-99BF750FE974}.Debug|Any CPU.ActiveCfg = Debug|Any CPU
		{F4F1B000-55E6-4F4C-BE0B-99BF750FE974}.Debug|Any CPU.Build.0 = Debug|Any CPU
		{F4F1B000-55E6-4F4C-BE0B-99BF750FE974}.Release|Any CPU.ActiveCfg = Release|Any CPU
		{F4F1B000-55E6-4F4C-BE0B-99BF750FE974}.Release|Any CPU.Build.0 = Release|Any CPU
		{0CD3627F-D5AA-44E5-93D6-8D2542821776}.Debug|Any CPU.ActiveCfg = Debug|Any CPU
		{0CD3627F-D5AA-44E5-93D6-8D2542821776}.Debug|Any CPU.Build.0 = Debug|Any CPU
		{0CD3627F-D5AA-44E5-93D6-8D2542821776}.Release|Any CPU.ActiveCfg = Release|Any CPU
		{0CD3627F-D5AA-44E5-93D6-8D2542821776}.Release|Any CPU.Build.0 = Release|Any CPU
		{0CC66FC5-944C-483F-A814-42151FF59CC9}.Debug|Any CPU.ActiveCfg = Debug|Any CPU
		{0CC66FC5-944C-483F-A814-42151FF59CC9}.Debug|Any CPU.Build.0 = Debug|Any CPU
		{0CC66FC5-944C-483F-A814-42151FF59CC9}.Release|Any CPU.ActiveCfg = Release|Any CPU
		{0CC66FC5-944C-483F-A814-42151FF59CC9}.Release|Any CPU.Build.0 = Release|Any CPU
		{5E21A71F-AFAD-4DDC-B1AA-068FA7383C4A}.Debug|Any CPU.ActiveCfg = Debug|Any CPU
		{5E21A71F-AFAD-4DDC-B1AA-068FA7383C4A}.Debug|Any CPU.Build.0 = Debug|Any CPU
		{5E21A71F-AFAD-4DDC-B1AA-068FA7383C4A}.Release|Any CPU.ActiveCfg = Release|Any CPU
		{5E21A71F-AFAD-4DDC-B1AA-068FA7383C4A}.Release|Any CPU.Build.0 = Release|Any CPU
		{DC234AED-50D7-4768-A85C-97DB91707D3C}.Debug|Any CPU.ActiveCfg = Debug|Any CPU
		{DC234AED-50D7-4768-A85C-97DB91707D3C}.Debug|Any CPU.Build.0 = Debug|Any CPU
		{DC234AED-50D7-4768-A85C-97DB91707D3C}.Release|Any CPU.ActiveCfg = Release|Any CPU
		{DC234AED-50D7-4768-A85C-97DB91707D3C}.Release|Any CPU.Build.0 = Release|Any CPU
		{9C354B12-310A-46B9-AE63-4F4AD45E6473}.Debug|Any CPU.ActiveCfg = Debug|Any CPU
		{9C354B12-310A-46B9-AE63-4F4AD45E6473}.Debug|Any CPU.Build.0 = Debug|Any CPU
		{9C354B12-310A-46B9-AE63-4F4AD45E6473}.Release|Any CPU.ActiveCfg = Release|Any CPU
		{9C354B12-310A-46B9-AE63-4F4AD45E6473}.Release|Any CPU.Build.0 = Release|Any CPU
		{A83C9787-4FCC-453B-9F67-02E90C38C19C}.Debug|Any CPU.ActiveCfg = Debug|Any CPU
		{A83C9787-4FCC-453B-9F67-02E90C38C19C}.Debug|Any CPU.Build.0 = Debug|Any CPU
		{A83C9787-4FCC-453B-9F67-02E90C38C19C}.Release|Any CPU.ActiveCfg = Release|Any CPU
		{A83C9787-4FCC-453B-9F67-02E90C38C19C}.Release|Any CPU.Build.0 = Release|Any CPU
		{54D2CF49-F4BF-460E-B884-2C4D4C5741F8}.Debug|Any CPU.ActiveCfg = Debug|Any CPU
		{54D2CF49-F4BF-460E-B884-2C4D4C5741F8}.Debug|Any CPU.Build.0 = Debug|Any CPU
		{54D2CF49-F4BF-460E-B884-2C4D4C5741F8}.Release|Any CPU.ActiveCfg = Release|Any CPU
		{54D2CF49-F4BF-460E-B884-2C4D4C5741F8}.Release|Any CPU.Build.0 = Release|Any CPU
		{E454C9DB-22AB-4DAA-BF4E-C551133D2642}.Debug|Any CPU.ActiveCfg = Debug|Any CPU
		{E454C9DB-22AB-4DAA-BF4E-C551133D2642}.Debug|Any CPU.Build.0 = Debug|Any CPU
		{E454C9DB-22AB-4DAA-BF4E-C551133D2642}.Release|Any CPU.ActiveCfg = Release|Any CPU
		{E454C9DB-22AB-4DAA-BF4E-C551133D2642}.Release|Any CPU.Build.0 = Release|Any CPU
		{8B32BA38-F9F8-46DE-9E11-34BEF38DB8F6}.Debug|Any CPU.ActiveCfg = Debug|Any CPU
		{8B32BA38-F9F8-46DE-9E11-34BEF38DB8F6}.Debug|Any CPU.Build.0 = Debug|Any CPU
		{8B32BA38-F9F8-46DE-9E11-34BEF38DB8F6}.Release|Any CPU.ActiveCfg = Release|Any CPU
		{8B32BA38-F9F8-46DE-9E11-34BEF38DB8F6}.Release|Any CPU.Build.0 = Release|Any CPU
	EndGlobalSection
	GlobalSection(SolutionProperties) = preSolution
		HideSolutionNode = FALSE
	EndGlobalSection
	GlobalSection(NestedProjects) = preSolution
		{44C9FB6C-F490-4968-814D-9D69EBD1617F} = {02EA681E-C7D8-13C7-8484-4AC65E1B71E8}
		{9736B46E-566B-4652-8C4B-ED4BE26BB3B3} = {D1EA530E-FFFC-4B07-9AF1-68BD766335AA}
		{8DACADB7-F962-4861-9178-B3569B6EB47F} = {C5967F9A-55AC-40C0-B540-B89EC94B149F}
		{0F00D5E3-EDA0-480E-B484-D24DE2EC6CC7} = {7AA5F15B-1869-4EED-9F22-D51C4D8887CF}
		{C5967F9A-55AC-40C0-B540-B89EC94B149F} = {0F00D5E3-EDA0-480E-B484-D24DE2EC6CC7}
		{48C714BB-4403-47B9-94CC-CAEC4240B452} = {0F00D5E3-EDA0-480E-B484-D24DE2EC6CC7}
		{E480C6A4-31BD-4754-BE46-5C8574899861} = {34DE8145-E9B2-4745-BD7A-50FEBE1E4DB5}
		{52EF6DC5-CC9E-41C7-AA5C-9E0090A43496} = {48C714BB-4403-47B9-94CC-CAEC4240B452}
		{1C3360A8-F1B3-4576-AADB-85F1F60742CA} = {B2B3BA02-DAD6-4DE8-A9A7-3FC692AA1755}
		{B2B3BA02-DAD6-4DE8-A9A7-3FC692AA1755} = {0F00D5E3-EDA0-480E-B484-D24DE2EC6CC7}
		{34DE8145-E9B2-4745-BD7A-50FEBE1E4DB5} = {0F00D5E3-EDA0-480E-B484-D24DE2EC6CC7}
		{CEDE0E06-B890-40D4-9073-A3A21F11C82B} = {7AA5F15B-1869-4EED-9F22-D51C4D8887CF}
		{D1EA530E-FFFC-4B07-9AF1-68BD766335AA} = {CEDE0E06-B890-40D4-9073-A3A21F11C82B}
		{63D379E9-50E3-4C8E-A552-385DD1F137DC} = {CEDE0E06-B890-40D4-9073-A3A21F11C82B}
		{4449904B-BE9C-4D25-A694-F98406952E0F} = {CEDE0E06-B890-40D4-9073-A3A21F11C82B}
		{16437C4E-94C0-4E16-973E-2586B8DB1F0D} = {CEDE0E06-B890-40D4-9073-A3A21F11C82B}
		{F4F1B000-55E6-4F4C-BE0B-99BF750FE974} = {63D379E9-50E3-4C8E-A552-385DD1F137DC}
		{0CD3627F-D5AA-44E5-93D6-8D2542821776} = {4449904B-BE9C-4D25-A694-F98406952E0F}
		{0CC66FC5-944C-483F-A814-42151FF59CC9} = {16437C4E-94C0-4E16-973E-2586B8DB1F0D}
		{5E21A71F-AFAD-4DDC-B1AA-068FA7383C4A} = {3B1ECD18-4439-4E27-8CA6-7E30139044FD}
		{EB85DC21-834F-4242-90D7-52E87AE3F4AA} = {7AA5F15B-1869-4EED-9F22-D51C4D8887CF}
		{B1DCDE17-D28D-4374-8C10-455CCB8E3ABA} = {EB85DC21-834F-4242-90D7-52E87AE3F4AA}
		{DC234AED-50D7-4768-A85C-97DB91707D3C} = {B1DCDE17-D28D-4374-8C10-455CCB8E3ABA}
		{9C354B12-310A-46B9-AE63-4F4AD45E6473} = {614A785B-BBE3-4D0C-9005-2931F4F3489A}
		{A83C9787-4FCC-453B-9F67-02E90C38C19C} = {91B18553-5BE2-4CCF-91F5-B58DE9059B52}
		{614A785B-BBE3-4D0C-9005-2931F4F3489A} = {EB85DC21-834F-4242-90D7-52E87AE3F4AA}
		{54D2CF49-F4BF-460E-B884-2C4D4C5741F8} = {614A785B-BBE3-4D0C-9005-2931F4F3489A}
		{E454C9DB-22AB-4DAA-BF4E-C551133D2642} = {614A785B-BBE3-4D0C-9005-2931F4F3489A}
		{8B32BA38-F9F8-46DE-9E11-34BEF38DB8F6} = {614A785B-BBE3-4D0C-9005-2931F4F3489A}
	EndGlobalSection
	GlobalSection(ExtensibilityGlobals) = postSolution
		SolutionGuid = {784BFF5F-447C-45A5-875A-3122ADD2F85E}
	EndGlobalSection
EndGlobal
